
Microsoft Visual Studio Solution File, Format Version 12.00
# Visual Studio Version 16
VisualStudioVersion = 16.0.29827.131
MinimumVisualStudioVersion = 10.0.40219.1
Project("{888888A0-9F3D-457C-B088-3A5042F75D52}") = "stoixima", "stoixima\stoixima.pyproj", "{65EB8048-A785-41BD-9940-B703EB775D05}"
EndProject
Global
	GlobalSection(SolutionConfigurationPlatforms) = preSolution
		Debug|Any CPU = Debug|Any CPU
		Release|Any CPU = Release|Any CPU
	EndGlobalSection
	GlobalSection(ProjectConfigurationPlatforms) = postSolution
		{65EB8048-A785-41BD-9940-B703EB775D05}.Debug|Any CPU.ActiveCfg = Debug|Any CPU
		{65EB8048-A785-41BD-9940-B703EB775D05}.Release|Any CPU.ActiveCfg = Release|Any CPU
	EndGlobalSection
	GlobalSection(SolutionProperties) = preSolution
		HideSolutionNode = FALSE
	EndGlobalSection
	GlobalSection(ExtensibilityGlobals) = postSolution
		SolutionGuid = {2FA85F7C-B2E6-4357-A33D-753DEDC031B8}
	EndGlobalSection
EndGlobal
